// !$*UTF8*$!
{
	archiveVersion = 1;
	classes = {
	};
	objectVersion = 56;
	objects = {

/* Begin PBXBuildFile section */
		390002C42BF2854A0082EF8B /* SubjectDetailsViewViewModel.swift in Sources */ = {isa = PBXBuildFile; fileRef = 390002C32BF2854A0082EF8B /* SubjectDetailsViewViewModel.swift */; };
		390002C62BF28BF80082EF8B /* FlashCardContentViewViewModel.swift in Sources */ = {isa = PBXBuildFile; fileRef = 390002C52BF28BF80082EF8B /* FlashCardContentViewViewModel.swift */; };
		390002C82BF28C1D0082EF8B /* FlashCardCollectionScrollViewViewModel.swift in Sources */ = {isa = PBXBuildFile; fileRef = 390002C72BF28C1D0082EF8B /* FlashCardCollectionScrollViewViewModel.swift */; };
		390002CB2BF28C3E0082EF8B /* FlashCardListViewViewModel.swift in Sources */ = {isa = PBXBuildFile; fileRef = 390002CA2BF28C3E0082EF8B /* FlashCardListViewViewModel.swift */; };
		391BC70B2BEEAF7C00C72114 /* FlashCardCollectionScrollView.swift in Sources */ = {isa = PBXBuildFile; fileRef = 391BC70A2BEEAF7C00C72114 /* FlashCardCollectionScrollView.swift */; };
		392143BC2BF531A200E70C4F /* FlashcardEditView.swift in Sources */ = {isa = PBXBuildFile; fileRef = 392143BB2BF531A200E70C4F /* FlashcardEditView.swift */; };
		392143BE2BF531E600E70C4F /* FlashCardEditViewViewModel.swift in Sources */ = {isa = PBXBuildFile; fileRef = 392143BD2BF531E600E70C4F /* FlashCardEditViewViewModel.swift */; };
		39389CF52BFC156500DAB28B /* FlashCardView.swift in Sources */ = {isa = PBXBuildFile; fileRef = 39389CF42BFC156500DAB28B /* FlashCardView.swift */; };
		3944F9612BEA7CA900CDA742 /* FlashCardModel.swift in Sources */ = {isa = PBXBuildFile; fileRef = 3944F9602BEA7CA900CDA742 /* FlashCardModel.swift */; };
		3944F9632BEC92BD00CDA742 /* FlashCardViewViewModel.swift in Sources */ = {isa = PBXBuildFile; fileRef = 3944F9622BEC92BD00CDA742 /* FlashCardViewViewModel.swift */; };
		3944F9652BEE700800CDA742 /* FlashCardContentView.swift in Sources */ = {isa = PBXBuildFile; fileRef = 3944F9642BEE700800CDA742 /* FlashCardContentView.swift */; };
		39A4BC572BFFFB3D00F833D2 /* FlashCardViewHelper.swift in Sources */ = {isa = PBXBuildFile; fileRef = 39A4BC562BFFFB3D00F833D2 /* FlashCardViewHelper.swift */; };
		39C13B542BFEA06D0054E500 /* FlashCardListView.swift in Sources */ = {isa = PBXBuildFile; fileRef = 39C13B532BFEA06D0054E500 /* FlashCardListView.swift */; };
		39C13B562BFEEC010054E500 /* FlashCardAddView.swift in Sources */ = {isa = PBXBuildFile; fileRef = 39C13B552BFEEC010054E500 /* FlashCardAddView.swift */; };
		39C24ED82BE418AF0013F78C /* Planify_v4App.swift in Sources */ = {isa = PBXBuildFile; fileRef = 39C24ED72BE418AF0013F78C /* Planify_v4App.swift */; };
		39C24EDC2BE418B60013F78C /* Assets.xcassets in Resources */ = {isa = PBXBuildFile; fileRef = 39C24EDB2BE418B60013F78C /* Assets.xcassets */; };
		39C24EDF2BE418B60013F78C /* Preview Assets.xcassets in Resources */ = {isa = PBXBuildFile; fileRef = 39C24EDE2BE418B60013F78C /* Preview Assets.xcassets */; };
		39C24EEA2BE4195E0013F78C /* LocationModel.swift in Sources */ = {isa = PBXBuildFile; fileRef = 39C24EE92BE4195E0013F78C /* LocationModel.swift */; };
		39C24EEC2BE41B0A0013F78C /* MindMapModel.swift in Sources */ = {isa = PBXBuildFile; fileRef = 39C24EEB2BE41B0A0013F78C /* MindMapModel.swift */; };
		39C24EF02BE424D40013F78C /* SubjectModel.swift in Sources */ = {isa = PBXBuildFile; fileRef = 39C24EEF2BE424D40013F78C /* SubjectModel.swift */; };
		39C24EF22BE426350013F78C /* SubjectView.swift in Sources */ = {isa = PBXBuildFile; fileRef = 39C24EF12BE426350013F78C /* SubjectView.swift */; };
		39C24EF42BE47DB60013F78C /* SubjectViewViewModel.swift in Sources */ = {isa = PBXBuildFile; fileRef = 39C24EF32BE47DB60013F78C /* SubjectViewViewModel.swift */; };
		39C24EF72BE4811E0013F78C /* SubjectDetailsView.swift in Sources */ = {isa = PBXBuildFile; fileRef = 39C24EF62BE4811E0013F78C /* SubjectDetailsView.swift */; };
		39E195552BFFF45D00CFF8E3 /* FlashCardEditViewHelper.swift in Sources */ = {isa = PBXBuildFile; fileRef = 39E195542BFFF2A100CFF8E3 /* FlashCardEditViewHelper.swift */; };
/* End PBXBuildFile section */

/* Begin PBXFileReference section */
		390002C32BF2854A0082EF8B /* SubjectDetailsViewViewModel.swift */ = {isa = PBXFileReference; lastKnownFileType = sourcecode.swift; path = SubjectDetailsViewViewModel.swift; sourceTree = "<group>"; };
		390002C52BF28BF80082EF8B /* FlashCardContentViewViewModel.swift */ = {isa = PBXFileReference; lastKnownFileType = sourcecode.swift; path = FlashCardContentViewViewModel.swift; sourceTree = "<group>"; };
		390002C72BF28C1D0082EF8B /* FlashCardCollectionScrollViewViewModel.swift */ = {isa = PBXFileReference; lastKnownFileType = sourcecode.swift; path = FlashCardCollectionScrollViewViewModel.swift; sourceTree = "<group>"; };
		390002CA2BF28C3E0082EF8B /* FlashCardListViewViewModel.swift */ = {isa = PBXFileReference; lastKnownFileType = sourcecode.swift; path = FlashCardListViewViewModel.swift; sourceTree = "<group>"; };
		391BC70A2BEEAF7C00C72114 /* FlashCardCollectionScrollView.swift */ = {isa = PBXFileReference; lastKnownFileType = sourcecode.swift; path = FlashCardCollectionScrollView.swift; sourceTree = "<group>"; };
		392143BB2BF531A200E70C4F /* FlashcardEditView.swift */ = {isa = PBXFileReference; lastKnownFileType = sourcecode.swift; path = FlashcardEditView.swift; sourceTree = "<group>"; };
		392143BD2BF531E600E70C4F /* FlashCardEditViewViewModel.swift */ = {isa = PBXFileReference; lastKnownFileType = sourcecode.swift; path = FlashCardEditViewViewModel.swift; sourceTree = "<group>"; };
		39389CF42BFC156500DAB28B /* FlashCardView.swift */ = {isa = PBXFileReference; lastKnownFileType = sourcecode.swift; path = FlashCardView.swift; sourceTree = "<group>"; };
		3944F9602BEA7CA900CDA742 /* FlashCardModel.swift */ = {isa = PBXFileReference; lastKnownFileType = sourcecode.swift; path = FlashCardModel.swift; sourceTree = "<group>"; };
		3944F9622BEC92BD00CDA742 /* FlashCardViewViewModel.swift */ = {isa = PBXFileReference; lastKnownFileType = sourcecode.swift; path = FlashCardViewViewModel.swift; sourceTree = "<group>"; };
		3944F9642BEE700800CDA742 /* FlashCardContentView.swift */ = {isa = PBXFileReference; lastKnownFileType = sourcecode.swift; path = FlashCardContentView.swift; sourceTree = "<group>"; };
		39A4BC562BFFFB3D00F833D2 /* FlashCardViewHelper.swift */ = {isa = PBXFileReference; lastKnownFileType = sourcecode.swift; path = FlashCardViewHelper.swift; sourceTree = "<group>"; };
		39C13B532BFEA06D0054E500 /* FlashCardListView.swift */ = {isa = PBXFileReference; lastKnownFileType = sourcecode.swift; path = FlashCardListView.swift; sourceTree = "<group>"; };
		39C13B552BFEEC010054E500 /* FlashCardAddView.swift */ = {isa = PBXFileReference; lastKnownFileType = sourcecode.swift; path = FlashCardAddView.swift; sourceTree = "<group>"; };
		39C24ED42BE418AF0013F78C /* Planify_v4.app */ = {isa = PBXFileReference; explicitFileType = wrapper.application; includeInIndex = 0; path = Planify_v4.app; sourceTree = BUILT_PRODUCTS_DIR; };
		39C24ED72BE418AF0013F78C /* Planify_v4App.swift */ = {isa = PBXFileReference; lastKnownFileType = sourcecode.swift; path = Planify_v4App.swift; sourceTree = "<group>"; };
		39C24EDB2BE418B60013F78C /* Assets.xcassets */ = {isa = PBXFileReference; lastKnownFileType = folder.assetcatalog; path = Assets.xcassets; sourceTree = "<group>"; };
		39C24EDE2BE418B60013F78C /* Preview Assets.xcassets */ = {isa = PBXFileReference; lastKnownFileType = folder.assetcatalog; path = "Preview Assets.xcassets"; sourceTree = "<group>"; };
		39C24EE92BE4195E0013F78C /* LocationModel.swift */ = {isa = PBXFileReference; lastKnownFileType = sourcecode.swift; path = LocationModel.swift; sourceTree = "<group>"; };
		39C24EEB2BE41B0A0013F78C /* MindMapModel.swift */ = {isa = PBXFileReference; lastKnownFileType = sourcecode.swift; path = MindMapModel.swift; sourceTree = "<group>"; };
		39C24EEF2BE424D40013F78C /* SubjectModel.swift */ = {isa = PBXFileReference; lastKnownFileType = sourcecode.swift; path = SubjectModel.swift; sourceTree = "<group>"; };
		39C24EF12BE426350013F78C /* SubjectView.swift */ = {isa = PBXFileReference; lastKnownFileType = sourcecode.swift; path = SubjectView.swift; sourceTree = "<group>"; };
		39C24EF32BE47DB60013F78C /* SubjectViewViewModel.swift */ = {isa = PBXFileReference; lastKnownFileType = sourcecode.swift; path = SubjectViewViewModel.swift; sourceTree = "<group>"; };
		39C24EF62BE4811E0013F78C /* SubjectDetailsView.swift */ = {isa = PBXFileReference; lastKnownFileType = sourcecode.swift; path = SubjectDetailsView.swift; sourceTree = "<group>"; };
		39E195542BFFF2A100CFF8E3 /* FlashCardEditViewHelper.swift */ = {isa = PBXFileReference; lastKnownFileType = sourcecode.swift; path = FlashCardEditViewHelper.swift; sourceTree = "<group>"; };
/* End PBXFileReference section */

/* Begin PBXFrameworksBuildPhase section */
		39C24ED12BE418AF0013F78C /* Frameworks */ = {
			isa = PBXFrameworksBuildPhase;
			buildActionMask = 2147483647;
			files = (
			);
			runOnlyForDeploymentPostprocessing = 0;
		};
/* End PBXFrameworksBuildPhase section */

/* Begin PBXGroup section */
		39C24ECB2BE418AF0013F78C = {
			isa = PBXGroup;
			children = (
				39C24ED62BE418AF0013F78C /* Planify_v4 */,
				39C24ED52BE418AF0013F78C /* Products */,
			);
			sourceTree = "<group>";
		};
		39C24ED52BE418AF0013F78C /* Products */ = {
			isa = PBXGroup;
			children = (
				39C24ED42BE418AF0013F78C /* Planify_v4.app */,
			);
			name = Products;
			sourceTree = "<group>";
		};
		39C24ED62BE418AF0013F78C /* Planify_v4 */ = {
			isa = PBXGroup;
			children = (
				39C24EE82BE4190F0013F78C /* Other */,
				39C24EE72BE418FE0013F78C /* ViewModels */,
				39C24EE62BE418F70013F78C /* Views */,
				39C24EE52BE418E80013F78C /* Models */,
				39C24EDB2BE418B60013F78C /* Assets.xcassets */,
				39C24EDD2BE418B60013F78C /* Preview Content */,
			);
			path = Planify_v4;
			sourceTree = "<group>";
		};
		39C24EDD2BE418B60013F78C /* Preview Content */ = {
			isa = PBXGroup;
			children = (
				39C24EDE2BE418B60013F78C /* Preview Assets.xcassets */,
			);
			path = "Preview Content";
			sourceTree = "<group>";
		};
		39C24EE52BE418E80013F78C /* Models */ = {
			isa = PBXGroup;
			children = (
				39C24EE92BE4195E0013F78C /* LocationModel.swift */,
				39C24EEB2BE41B0A0013F78C /* MindMapModel.swift */,
				39C24EEF2BE424D40013F78C /* SubjectModel.swift */,
				3944F9602BEA7CA900CDA742 /* FlashCardModel.swift */,
			);
			path = Models;
			sourceTree = "<group>";
		};
		39C24EE62BE418F70013F78C /* Views */ = {
			isa = PBXGroup;
			children = (
				39C24EF12BE426350013F78C /* SubjectView.swift */,
				39C24EF62BE4811E0013F78C /* SubjectDetailsView.swift */,
				39389CF42BFC156500DAB28B /* FlashCardView.swift */,
				3944F9642BEE700800CDA742 /* FlashCardContentView.swift */,
				391BC70A2BEEAF7C00C72114 /* FlashCardCollectionScrollView.swift */,
				39C13B532BFEA06D0054E500 /* FlashCardListView.swift */,
				392143BB2BF531A200E70C4F /* FlashcardEditView.swift */,
				39C13B552BFEEC010054E500 /* FlashCardAddView.swift */,
				39E1954E2BFFF15800CFF8E3 /* HelperViews */,
			);
			path = Views;
			sourceTree = "<group>";
		};
		39C24EE72BE418FE0013F78C /* ViewModels */ = {
			isa = PBXGroup;
			children = (
				39C24EF32BE47DB60013F78C /* SubjectViewViewModel.swift */,
				390002C32BF2854A0082EF8B /* SubjectDetailsViewViewModel.swift */,
				3944F9622BEC92BD00CDA742 /* FlashCardViewViewModel.swift */,
				390002C52BF28BF80082EF8B /* FlashCardContentViewViewModel.swift */,
				390002C72BF28C1D0082EF8B /* FlashCardCollectionScrollViewViewModel.swift */,
				390002CA2BF28C3E0082EF8B /* FlashCardListViewViewModel.swift */,
				392143BD2BF531E600E70C4F /* FlashCardEditViewViewModel.swift */,
			);
			path = ViewModels;
			sourceTree = "<group>";
		};
		39C24EE82BE4190F0013F78C /* Other */ = {
			isa = PBXGroup;
			children = (
				39C24ED72BE418AF0013F78C /* Planify_v4App.swift */,
			);
			path = Other;
			sourceTree = "<group>";
		};
		39E1954E2BFFF15800CFF8E3 /* HelperViews */ = {
			isa = PBXGroup;
			children = (
				39E195542BFFF2A100CFF8E3 /* FlashCardEditViewHelper.swift */,
				39A4BC562BFFFB3D00F833D2 /* FlashCardViewHelper.swift */,
			);
			path = HelperViews;
			sourceTree = "<group>";
		};
/* End PBXGroup section */

/* Begin PBXNativeTarget section */
		39C24ED32BE418AF0013F78C /* Planify_v4 */ = {
			isa = PBXNativeTarget;
			buildConfigurationList = 39C24EE22BE418B60013F78C /* Build configuration list for PBXNativeTarget "Planify_v4" */;
			buildPhases = (
				39C24ED02BE418AF0013F78C /* Sources */,
				39C24ED12BE418AF0013F78C /* Frameworks */,
				39C24ED22BE418AF0013F78C /* Resources */,
			);
			buildRules = (
			);
			dependencies = (
			);
			name = Planify_v4;
			productName = Planify_v4;
			productReference = 39C24ED42BE418AF0013F78C /* Planify_v4.app */;
			productType = "com.apple.product-type.application";
		};
/* End PBXNativeTarget section */

/* Begin PBXProject section */
		39C24ECC2BE418AF0013F78C /* Project object */ = {
			isa = PBXProject;
			attributes = {
				BuildIndependentTargetsInParallel = 1;
				LastSwiftUpdateCheck = 1430;
				LastUpgradeCheck = 1540;
				TargetAttributes = {
					39C24ED32BE418AF0013F78C = {
						CreatedOnToolsVersion = 14.3;
					};
				};
			};
			buildConfigurationList = 39C24ECF2BE418AF0013F78C /* Build configuration list for PBXProject "Planify_v4" */;
			compatibilityVersion = "Xcode 14.0";
			developmentRegion = en;
			hasScannedForEncodings = 0;
			knownRegions = (
				en,
				Base,
			);
			mainGroup = 39C24ECB2BE418AF0013F78C;
			productRefGroup = 39C24ED52BE418AF0013F78C /* Products */;
			projectDirPath = "";
			projectRoot = "";
			targets = (
				39C24ED32BE418AF0013F78C /* Planify_v4 */,
			);
		};
/* End PBXProject section */

/* Begin PBXResourcesBuildPhase section */
		39C24ED22BE418AF0013F78C /* Resources */ = {
			isa = PBXResourcesBuildPhase;
			buildActionMask = 2147483647;
			files = (
				39C24EDF2BE418B60013F78C /* Preview Assets.xcassets in Resources */,
				39C24EDC2BE418B60013F78C /* Assets.xcassets in Resources */,
			);
			runOnlyForDeploymentPostprocessing = 0;
		};
/* End PBXResourcesBuildPhase section */

/* Begin PBXSourcesBuildPhase section */
		39C24ED02BE418AF0013F78C /* Sources */ = {
			isa = PBXSourcesBuildPhase;
			buildActionMask = 2147483647;
			files = (
				39C24EEC2BE41B0A0013F78C /* MindMapModel.swift in Sources */,
				39A4BC572BFFFB3D00F833D2 /* FlashCardViewHelper.swift in Sources */,
				390002C62BF28BF80082EF8B /* FlashCardContentViewViewModel.swift in Sources */,
				392143BC2BF531A200E70C4F /* FlashcardEditView.swift in Sources */,
				392143BE2BF531E600E70C4F /* FlashCardEditViewViewModel.swift in Sources */,
				39C24EF22BE426350013F78C /* SubjectView.swift in Sources */,
				3944F9612BEA7CA900CDA742 /* FlashCardModel.swift in Sources */,
				39C24EF02BE424D40013F78C /* SubjectModel.swift in Sources */,
				39389CF52BFC156500DAB28B /* FlashCardView.swift in Sources */,
				390002C82BF28C1D0082EF8B /* FlashCardCollectionScrollViewViewModel.swift in Sources */,
				3944F9632BEC92BD00CDA742 /* FlashCardViewViewModel.swift in Sources */,
				39C24EF42BE47DB60013F78C /* SubjectViewViewModel.swift in Sources */,
				39C24EF72BE4811E0013F78C /* SubjectDetailsView.swift in Sources */,
				39C24EEA2BE4195E0013F78C /* LocationModel.swift in Sources */,
				390002C42BF2854A0082EF8B /* SubjectDetailsViewViewModel.swift in Sources */,
				390002CB2BF28C3E0082EF8B /* FlashCardListViewViewModel.swift in Sources */,
				391BC70B2BEEAF7C00C72114 /* FlashCardCollectionScrollView.swift in Sources */,
				3944F9652BEE700800CDA742 /* FlashCardContentView.swift in Sources */,
				39C13B562BFEEC010054E500 /* FlashCardAddView.swift in Sources */,
				39E195552BFFF45D00CFF8E3 /* FlashCardEditViewHelper.swift in Sources */,
				39C13B542BFEA06D0054E500 /* FlashCardListView.swift in Sources */,
				39C24ED82BE418AF0013F78C /* Planify_v4App.swift in Sources */,
			);
			runOnlyForDeploymentPostprocessing = 0;
		};
/* End PBXSourcesBuildPhase section */

/* Begin XCBuildConfiguration section */
		39C24EE02BE418B60013F78C /* Debug */ = {
			isa = XCBuildConfiguration;
			buildSettings = {
				ALWAYS_SEARCH_USER_PATHS = NO;
				ASSETCATALOG_COMPILER_GENERATE_SWIFT_ASSET_SYMBOL_EXTENSIONS = YES;
				CLANG_ANALYZER_NONNULL = YES;
				CLANG_ANALYZER_NUMBER_OBJECT_CONVERSION = YES_AGGRESSIVE;
				CLANG_CXX_LANGUAGE_STANDARD = "gnu++20";
				CLANG_ENABLE_MODULES = YES;
				CLANG_ENABLE_OBJC_ARC = YES;
				CLANG_ENABLE_OBJC_WEAK = YES;
				CLANG_WARN_BLOCK_CAPTURE_AUTORELEASING = YES;
				CLANG_WARN_BOOL_CONVERSION = YES;
				CLANG_WARN_COMMA = YES;
				CLANG_WARN_CONSTANT_CONVERSION = YES;
				CLANG_WARN_DEPRECATED_OBJC_IMPLEMENTATIONS = YES;
				CLANG_WARN_DIRECT_OBJC_ISA_USAGE = YES_ERROR;
				CLANG_WARN_DOCUMENTATION_COMMENTS = YES;
				CLANG_WARN_EMPTY_BODY = YES;
				CLANG_WARN_ENUM_CONVERSION = YES;
				CLANG_WARN_INFINITE_RECURSION = YES;
				CLANG_WARN_INT_CONVERSION = YES;
				CLANG_WARN_NON_LITERAL_NULL_CONVERSION = YES;
				CLANG_WARN_OBJC_IMPLICIT_RETAIN_SELF = YES;
				CLANG_WARN_OBJC_LITERAL_CONVERSION = YES;
				CLANG_WARN_OBJC_ROOT_CLASS = YES_ERROR;
				CLANG_WARN_QUOTED_INCLUDE_IN_FRAMEWORK_HEADER = YES;
				CLANG_WARN_RANGE_LOOP_ANALYSIS = YES;
				CLANG_WARN_STRICT_PROTOTYPES = YES;
				CLANG_WARN_SUSPICIOUS_MOVE = YES;
				CLANG_WARN_UNGUARDED_AVAILABILITY = YES_AGGRESSIVE;
				CLANG_WARN_UNREACHABLE_CODE = YES;
				CLANG_WARN__DUPLICATE_METHOD_MATCH = YES;
				COPY_PHASE_STRIP = NO;
				DEBUG_INFORMATION_FORMAT = dwarf;
				ENABLE_STRICT_OBJC_MSGSEND = YES;
				ENABLE_TESTABILITY = YES;
				ENABLE_USER_SCRIPT_SANDBOXING = YES;
				GCC_C_LANGUAGE_STANDARD = gnu11;
				GCC_DYNAMIC_NO_PIC = NO;
				GCC_NO_COMMON_BLOCKS = YES;
				GCC_OPTIMIZATION_LEVEL = 0;
				GCC_PREPROCESSOR_DEFINITIONS = (
					"DEBUG=1",
					"$(inherited)",
				);
				GCC_WARN_64_TO_32_BIT_CONVERSION = YES;
				GCC_WARN_ABOUT_RETURN_TYPE = YES_ERROR;
				GCC_WARN_UNDECLARED_SELECTOR = YES;
				GCC_WARN_UNINITIALIZED_AUTOS = YES_AGGRESSIVE;
				GCC_WARN_UNUSED_FUNCTION = YES;
				GCC_WARN_UNUSED_VARIABLE = YES;
				IPHONEOS_DEPLOYMENT_TARGET = 16.4;
				MTL_ENABLE_DEBUG_INFO = INCLUDE_SOURCE;
				MTL_FAST_MATH = YES;
				ONLY_ACTIVE_ARCH = YES;
				SDKROOT = iphoneos;
				SWIFT_ACTIVE_COMPILATION_CONDITIONS = DEBUG;
				SWIFT_OPTIMIZATION_LEVEL = "-Onone";
			};
			name = Debug;
		};
		39C24EE12BE418B60013F78C /* Release */ = {
			isa = XCBuildConfiguration;
			buildSettings = {
				ALWAYS_SEARCH_USER_PATHS = NO;
				ASSETCATALOG_COMPILER_GENERATE_SWIFT_ASSET_SYMBOL_EXTENSIONS = YES;
				CLANG_ANALYZER_NONNULL = YES;
				CLANG_ANALYZER_NUMBER_OBJECT_CONVERSION = YES_AGGRESSIVE;
				CLANG_CXX_LANGUAGE_STANDARD = "gnu++20";
				CLANG_ENABLE_MODULES = YES;
				CLANG_ENABLE_OBJC_ARC = YES;
				CLANG_ENABLE_OBJC_WEAK = YES;
				CLANG_WARN_BLOCK_CAPTURE_AUTORELEASING = YES;
				CLANG_WARN_BOOL_CONVERSION = YES;
				CLANG_WARN_COMMA = YES;
				CLANG_WARN_CONSTANT_CONVERSION = YES;
				CLANG_WARN_DEPRECATED_OBJC_IMPLEMENTATIONS = YES;
				CLANG_WARN_DIRECT_OBJC_ISA_USAGE = YES_ERROR;
				CLANG_WARN_DOCUMENTATION_COMMENTS = YES;
				CLANG_WARN_EMPTY_BODY = YES;
				CLANG_WARN_ENUM_CONVERSION = YES;
				CLANG_WARN_INFINITE_RECURSION = YES;
				CLANG_WARN_INT_CONVERSION = YES;
				CLANG_WARN_NON_LITERAL_NULL_CONVERSION = YES;
				CLANG_WARN_OBJC_IMPLICIT_RETAIN_SELF = YES;
				CLANG_WARN_OBJC_LITERAL_CONVERSION = YES;
				CLANG_WARN_OBJC_ROOT_CLASS = YES_ERROR;
				CLANG_WARN_QUOTED_INCLUDE_IN_FRAMEWORK_HEADER = YES;
				CLANG_WARN_RANGE_LOOP_ANALYSIS = YES;
				CLANG_WARN_STRICT_PROTOTYPES = YES;
				CLANG_WARN_SUSPICIOUS_MOVE = YES;
				CLANG_WARN_UNGUARDED_AVAILABILITY = YES_AGGRESSIVE;
				CLANG_WARN_UNREACHABLE_CODE = YES;
				CLANG_WARN__DUPLICATE_METHOD_MATCH = YES;
				COPY_PHASE_STRIP = NO;
				DEBUG_INFORMATION_FORMAT = "dwarf-with-dsym";
				ENABLE_NS_ASSERTIONS = NO;
				ENABLE_STRICT_OBJC_MSGSEND = YES;
				ENABLE_USER_SCRIPT_SANDBOXING = YES;
				GCC_C_LANGUAGE_STANDARD = gnu11;
				GCC_NO_COMMON_BLOCKS = YES;
				GCC_WARN_64_TO_32_BIT_CONVERSION = YES;
				GCC_WARN_ABOUT_RETURN_TYPE = YES_ERROR;
				GCC_WARN_UNDECLARED_SELECTOR = YES;
				GCC_WARN_UNINITIALIZED_AUTOS = YES_AGGRESSIVE;
				GCC_WARN_UNUSED_FUNCTION = YES;
				GCC_WARN_UNUSED_VARIABLE = YES;
				IPHONEOS_DEPLOYMENT_TARGET = 16.4;
				MTL_ENABLE_DEBUG_INFO = NO;
				MTL_FAST_MATH = YES;
				SDKROOT = iphoneos;
				SWIFT_COMPILATION_MODE = wholemodule;
				SWIFT_OPTIMIZATION_LEVEL = "-O";
				VALIDATE_PRODUCT = YES;
			};
			name = Release;
		};
		39C24EE32BE418B60013F78C /* Debug */ = {
			isa = XCBuildConfiguration;
			buildSettings = {
				ASSETCATALOG_COMPILER_APPICON_NAME = AppIcon;
				ASSETCATALOG_COMPILER_GLOBAL_ACCENT_COLOR_NAME = AccentColor;
				CODE_SIGN_STYLE = Automatic;
				CURRENT_PROJECT_VERSION = 1;
				DEVELOPMENT_ASSET_PATHS = "\"Planify_v4/Preview Content\"";
				DEVELOPMENT_TEAM = 68J3XHLUKJ;
				ENABLE_PREVIEWS = YES;
				GENERATE_INFOPLIST_FILE = YES;
				INFOPLIST_KEY_UIApplicationSceneManifest_Generation = YES;
				INFOPLIST_KEY_UIApplicationSupportsIndirectInputEvents = YES;
				INFOPLIST_KEY_UILaunchScreen_Generation = YES;
				INFOPLIST_KEY_UISupportedInterfaceOrientations_iPad = "UIInterfaceOrientationPortrait UIInterfaceOrientationPortraitUpsideDown UIInterfaceOrientationLandscapeLeft UIInterfaceOrientationLandscapeRight";
				INFOPLIST_KEY_UISupportedInterfaceOrientations_iPhone = "UIInterfaceOrientationPortrait UIInterfaceOrientationLandscapeLeft UIInterfaceOrientationLandscapeRight";
				LD_RUNPATH_SEARCH_PATHS = (
					"$(inherited)",
					"@executable_path/Frameworks",
				);
				MARKETING_VERSION = 1.0;
				PRODUCT_BUNDLE_IDENTIFIER = "com.vy2000eng-gmail.Planify-v4";
				PRODUCT_NAME = "$(TARGET_NAME)";
				SWIFT_EMIT_LOC_STRINGS = YES;
				SWIFT_VERSION = 5.0;
				TARGETED_DEVICE_FAMILY = "1,2";
			};
			name = Debug;
		};
		39C24EE42BE418B60013F78C /* Release */ = {
			isa = XCBuildConfiguration;
			buildSettings = {
				ASSETCATALOG_COMPILER_APPICON_NAME = AppIcon;
				ASSETCATALOG_COMPILER_GLOBAL_ACCENT_COLOR_NAME = AccentColor;
				CODE_SIGN_STYLE = Automatic;
				CURRENT_PROJECT_VERSION = 1;
				DEVELOPMENT_ASSET_PATHS = "\"Planify_v4/Preview Content\"";
				DEVELOPMENT_TEAM = 68J3XHLUKJ;
				ENABLE_PREVIEWS = YES;
				GENERATE_INFOPLIST_FILE = YES;
				INFOPLIST_KEY_UIApplicationSceneManifest_Generation = YES;
				INFOPLIST_KEY_UIApplicationSupportsIndirectInputEvents = YES;
				INFOPLIST_KEY_UILaunchScreen_Generation = YES;
				INFOPLIST_KEY_UISupportedInterfaceOrientations_iPad = "UIInterfaceOrientationPortrait UIInterfaceOrientationPortraitUpsideDown UIInterfaceOrientationLandscapeLeft UIInterfaceOrientationLandscapeRight";
				INFOPLIST_KEY_UISupportedInterfaceOrientations_iPhone = "UIInterfaceOrientationPortrait UIInterfaceOrientationLandscapeLeft UIInterfaceOrientationLandscapeRight";
				LD_RUNPATH_SEARCH_PATHS = (
					"$(inherited)",
					"@executable_path/Frameworks",
				);
				MARKETING_VERSION = 1.0;
				PRODUCT_BUNDLE_IDENTIFIER = "com.vy2000eng-gmail.Planify-v4";
				PRODUCT_NAME = "$(TARGET_NAME)";
				SWIFT_EMIT_LOC_STRINGS = YES;
				SWIFT_VERSION = 5.0;
				TARGETED_DEVICE_FAMILY = "1,2";
			};
			name = Release;
		};
/* End XCBuildConfiguration section */

/* Begin XCConfigurationList section */
		39C24ECF2BE418AF0013F78C /* Build configuration list for PBXProject "Planify_v4" */ = {
			isa = XCConfigurationList;
			buildConfigurations = (
				39C24EE02BE418B60013F78C /* Debug */,
				39C24EE12BE418B60013F78C /* Release */,
			);
			defaultConfigurationIsVisible = 0;
			defaultConfigurationName = Release;
		};
		39C24EE22BE418B60013F78C /* Build configuration list for PBXNativeTarget "Planify_v4" */ = {
			isa = XCConfigurationList;
			buildConfigurations = (
				39C24EE32BE418B60013F78C /* Debug */,
				39C24EE42BE418B60013F78C /* Release */,
			);
			defaultConfigurationIsVisible = 0;
			defaultConfigurationName = Release;
		};
/* End XCConfigurationList section */
	};
	rootObject = 39C24ECC2BE418AF0013F78C /* Project object */;
}
